{
  "nodes": {
    "flake-utils": {
      "locked": {
        "lastModified": 1659877975,
        "narHash": "sha256-zllb8aq3YO3h8B/U0/J1WBgAL8EX5yWf5pMj3G0NAmc=",
        "owner": "numtide",
        "repo": "flake-utils",
        "rev": "c0e246b9b83f637f4681389ecabcb2681b4f3af0",
        "type": "github"
      },
      "original": {
        "owner": "numtide",
        "repo": "flake-utils",
        "type": "github"
      }
    },
    "home-manager": {
      "inputs": {
        "nixpkgs": [
          "nixpkgs"
        ]
      },
      "locked": {
        "lastModified": 1665996265,
        "narHash": "sha256-/k9og6LDBQwT+f/tJ5ClcWiUl8kCX5m6ognhsAxOiCY=",
        "owner": "nix-community",
        "repo": "home-manager",
        "rev": "b81e128fc053ab3159d7b464d9b7dedc9d6a6891",
        "type": "github"
      },
      "original": {
        "owner": "nix-community",
        "ref": "release-22.05",
        "repo": "home-manager",
        "type": "github"
      }
    },
    "neovim": {
      "inputs": {
        "flake-utils": "flake-utils",
        "nixpkgs": [
          "nixpkgs"
        ]
      },
      "locked": {
        "dir": "contrib",
        "lastModified": 1666150346,
        "narHash": "sha256-RnQhovyu3t6WuruYHhzcm9bgs7CPsCFSaa01N84gp+I=",
        "owner": "neovim",
        "repo": "neovim",
        "rev": "96cf385a7f4ab29f6987c10b5c3625d99b22f6fc",
        "type": "github"
      },
      "original": {
        "dir": "contrib",
        "owner": "neovim",
        "repo": "neovim",
        "type": "github"
      }
    },
    "nixpkgs": {
      "locked": {
        "lastModified": 1666164185,
        "narHash": "sha256-5v+YB4ijeUfg5LCz9ck4gIpCPhIS+qn02OyPJO48bCE=",
        "owner": "nixos",
        "repo": "nixpkgs",
        "rev": "c5203abb1329f7ea084c04acda330ca75d5b9fb5",
        "type": "github"
      },
      "original": {
        "owner": "nixos",
        "ref": "nixos-22.05",
        "repo": "nixpkgs",
        "type": "github"
      }
    },
    "root": {
      "inputs": {
        "home-manager": "home-manager",
        "neovim": "neovim",
        "nixpkgs": "nixpkgs"
      }
    }
  },
  "root": "root",
  "version": 7
}
